
Microsoft Visual Studio Solution File, Format Version 12.00
# Visual Studio Version 16
VisualStudioVersion = 16.0.30413.136
MinimumVisualStudioVersion = 10.0.40219.1
Project("{FAE04EC0-301F-11D3-BF4B-00C04F79EFBC}") = "01", "lab1bakum\01.csproj", "{90417F7B-8C91-4D2F-B1AA-A3165C77D2C7}"
EndProject
Project("{FAE04EC0-301F-11D3-BF4B-00C04F79EFBC}") = "02", "02\02.csproj", "{CCBB3FFB-167C-42E6-B8EE-D5CFC49C02EE}"
EndProject
Project("{FAE04EC0-301F-11D3-BF4B-00C04F79EFBC}") = "03", "ConsoleApp1\03.csproj", "{E17CBCAD-45F1-4CC4-A310-C590FADA2C9D}"
EndProject
Project("{FAE04EC0-301F-11D3-BF4B-00C04F79EFBC}") = "04", "04\04.csproj", "{46DDF3F3-F4DF-4ECC-B27C-30EC32862DC6}"
EndProject
Project("{FAE04EC0-301F-11D3-BF4B-00C04F79EFBC}") = "05", "05\05.csproj", "{5C236E51-4B0A-4756-B363-37C8F247DC96}"
EndProject
Project("{FAE04EC0-301F-11D3-BF4B-00C04F79EFBC}") = "06", "06\06.csproj", "{B951F3C8-A7CD-4F80-956F-D621B5540A9E}"
EndProject
Project("{FAE04EC0-301F-11D3-BF4B-00C04F79EFBC}") = "07", "07\07.csproj", "{DD44E74B-EC4C-49A7-93FC-03F02E282C8E}"
EndProject
Project("{FAE04EC0-301F-11D3-BF4B-00C04F79EFBC}") = "08", "08\08.csproj", "{4B35EFAA-7FBC-4438-8B04-87B8ED15C379}"
EndProject
Project("{FAE04EC0-301F-11D3-BF4B-00C04F79EFBC}") = "09", "09\09.csproj", "{21C943AD-C485-4419-AD5B-9BB5D77CCCA7}"
EndProject
Project("{FAE04EC0-301F-11D3-BF4B-00C04F79EFBC}") = "10", "10\10.csproj", "{B4FBF0B9-662A-4415-8C45-8B261F499FAE}"
EndProject
Project("{FAE04EC0-301F-11D3-BF4B-00C04F79EFBC}") = "14", "11\14.csproj", "{298C86DA-AB45-4F59-8408-81D3D7C50607}"
EndProject
Project("{FAE04EC0-301F-11D3-BF4B-00C04F79EFBC}") = "15", "15\15.csproj", "{A9857467-DEF1-4D59-9C81-92450212602E}"
EndProject
Project("{FAE04EC0-301F-11D3-BF4B-00C04F79EFBC}") = "16", "16\16.csproj", "{859EE7CB-1246-4BBA-831E-E17107004706}"
EndProject
Project("{FAE04EC0-301F-11D3-BF4B-00C04F79EFBC}") = "17", "17\17.csproj", "{547454AB-E967-4F8E-8598-90F6C9E6E799}"
EndProject
Global
	GlobalSection(SolutionConfigurationPlatforms) = preSolution
		Debug|Any CPU = Debug|Any CPU
		Release|Any CPU = Release|Any CPU
	EndGlobalSection
	GlobalSection(ProjectConfigurationPlatforms) = postSolution
		{90417F7B-8C91-4D2F-B1AA-A3165C77D2C7}.Debug|Any CPU.ActiveCfg = Debug|Any CPU
		{90417F7B-8C91-4D2F-B1AA-A3165C77D2C7}.Debug|Any CPU.Build.0 = Debug|Any CPU
		{90417F7B-8C91-4D2F-B1AA-A3165C77D2C7}.Release|Any CPU.ActiveCfg = Release|Any CPU
		{90417F7B-8C91-4D2F-B1AA-A3165C77D2C7}.Release|Any CPU.Build.0 = Release|Any CPU
		{CCBB3FFB-167C-42E6-B8EE-D5CFC49C02EE}.Debug|Any CPU.ActiveCfg = Debug|Any CPU
		{CCBB3FFB-167C-42E6-B8EE-D5CFC49C02EE}.Debug|Any CPU.Build.0 = Debug|Any CPU
		{CCBB3FFB-167C-42E6-B8EE-D5CFC49C02EE}.Release|Any CPU.ActiveCfg = Release|Any CPU
		{CCBB3FFB-167C-42E6-B8EE-D5CFC49C02EE}.Release|Any CPU.Build.0 = Release|Any CPU
		{E17CBCAD-45F1-4CC4-A310-C590FADA2C9D}.Debug|Any CPU.ActiveCfg = Debug|Any CPU
		{E17CBCAD-45F1-4CC4-A310-C590FADA2C9D}.Debug|Any CPU.Build.0 = Debug|Any CPU
		{E17CBCAD-45F1-4CC4-A310-C590FADA2C9D}.Release|Any CPU.ActiveCfg = Release|Any CPU
		{E17CBCAD-45F1-4CC4-A310-C590FADA2C9D}.Release|Any CPU.Build.0 = Release|Any CPU
		{46DDF3F3-F4DF-4ECC-B27C-30EC32862DC6}.Debug|Any CPU.ActiveCfg = Debug|Any CPU
		{46DDF3F3-F4DF-4ECC-B27C-30EC32862DC6}.Debug|Any CPU.Build.0 = Debug|Any CPU
		{46DDF3F3-F4DF-4ECC-B27C-30EC32862DC6}.Release|Any CPU.ActiveCfg = Release|Any CPU
		{46DDF3F3-F4DF-4ECC-B27C-30EC32862DC6}.Release|Any CPU.Build.0 = Release|Any CPU
		{5C236E51-4B0A-4756-B363-37C8F247DC96}.Debug|Any CPU.ActiveCfg = Debug|Any CPU
		{5C236E51-4B0A-4756-B363-37C8F247DC96}.Debug|Any CPU.Build.0 = Debug|Any CPU
		{5C236E51-4B0A-4756-B363-37C8F247DC96}.Release|Any CPU.ActiveCfg = Release|Any CPU
		{5C236E51-4B0A-4756-B363-37C8F247DC96}.Release|Any CPU.Build.0 = Release|Any CPU
		{B951F3C8-A7CD-4F80-956F-D621B5540A9E}.Debug|Any CPU.ActiveCfg = Debug|Any CPU
		{B951F3C8-A7CD-4F80-956F-D621B5540A9E}.Debug|Any CPU.Build.0 = Debug|Any CPU
		{B951F3C8-A7CD-4F80-956F-D621B5540A9E}.Release|Any CPU.ActiveCfg = Release|Any CPU
		{B951F3C8-A7CD-4F80-956F-D621B5540A9E}.Release|Any CPU.Build.0 = Release|Any CPU
		{DD44E74B-EC4C-49A7-93FC-03F02E282C8E}.Debug|Any CPU.ActiveCfg = Debug|Any CPU
		{DD44E74B-EC4C-49A7-93FC-03F02E282C8E}.Debug|Any CPU.Build.0 = Debug|Any CPU
		{DD44E74B-EC4C-49A7-93FC-03F02E282C8E}.Release|Any CPU.ActiveCfg = Release|Any CPU
		{DD44E74B-EC4C-49A7-93FC-03F02E282C8E}.Release|Any CPU.Build.0 = Release|Any CPU
		{4B35EFAA-7FBC-4438-8B04-87B8ED15C379}.Debug|Any CPU.ActiveCfg = Debug|Any CPU
		{4B35EFAA-7FBC-4438-8B04-87B8ED15C379}.Debug|Any CPU.Build.0 = Debug|Any CPU
		{4B35EFAA-7FBC-4438-8B04-87B8ED15C379}.Release|Any CPU.ActiveCfg = Release|Any CPU
		{4B35EFAA-7FBC-4438-8B04-87B8ED15C379}.Release|Any CPU.Build.0 = Release|Any CPU
		{21C943AD-C485-4419-AD5B-9BB5D77CCCA7}.Debug|Any CPU.ActiveCfg = Debug|Any CPU
		{21C943AD-C485-4419-AD5B-9BB5D77CCCA7}.Debug|Any CPU.Build.0 = Debug|Any CPU
		{21C943AD-C485-4419-AD5B-9BB5D77CCCA7}.Release|Any CPU.ActiveCfg = Release|Any CPU
		{21C943AD-C485-4419-AD5B-9BB5D77CCCA7}.Release|Any CPU.Build.0 = Release|Any CPU
		{B4FBF0B9-662A-4415-8C45-8B261F499FAE}.Debug|Any CPU.ActiveCfg = Debug|Any CPU
		{B4FBF0B9-662A-4415-8C45-8B261F499FAE}.Debug|Any CPU.Build.0 = Debug|Any CPU
		{B4FBF0B9-662A-4415-8C45-8B261F499FAE}.Release|Any CPU.ActiveCfg = Release|Any CPU
		{B4FBF0B9-662A-4415-8C45-8B261F499FAE}.Release|Any CPU.Build.0 = Release|Any CPU
		{298C86DA-AB45-4F59-8408-81D3D7C50607}.Debug|Any CPU.ActiveCfg = Debug|Any CPU
		{298C86DA-AB45-4F59-8408-81D3D7C50607}.Debug|Any CPU.Build.0 = Debug|Any CPU
		{298C86DA-AB45-4F59-8408-81D3D7C50607}.Release|Any CPU.ActiveCfg = Release|Any CPU
		{298C86DA-AB45-4F59-8408-81D3D7C50607}.Release|Any CPU.Build.0 = Release|Any CPU
		{A9857467-DEF1-4D59-9C81-92450212602E}.Debug|Any CPU.ActiveCfg = Debug|Any CPU
		{A9857467-DEF1-4D59-9C81-92450212602E}.Debug|Any CPU.Build.0 = Debug|Any CPU
		{A9857467-DEF1-4D59-9C81-92450212602E}.Release|Any CPU.ActiveCfg = Release|Any CPU
		{A9857467-DEF1-4D59-9C81-92450212602E}.Release|Any CPU.Build.0 = Release|Any CPU
		{859EE7CB-1246-4BBA-831E-E17107004706}.Debug|Any CPU.ActiveCfg = Debug|Any CPU
		{859EE7CB-1246-4BBA-831E-E17107004706}.Debug|Any CPU.Build.0 = Debug|Any CPU
		{859EE7CB-1246-4BBA-831E-E17107004706}.Release|Any CPU.ActiveCfg = Release|Any CPU
		{859EE7CB-1246-4BBA-831E-E17107004706}.Release|Any CPU.Build.0 = Release|Any CPU
		{547454AB-E967-4F8E-8598-90F6C9E6E799}.Debug|Any CPU.ActiveCfg = Debug|Any CPU
		{547454AB-E967-4F8E-8598-90F6C9E6E799}.Debug|Any CPU.Build.0 = Debug|Any CPU
		{547454AB-E967-4F8E-8598-90F6C9E6E799}.Release|Any CPU.ActiveCfg = Release|Any CPU
		{547454AB-E967-4F8E-8598-90F6C9E6E799}.Release|Any CPU.Build.0 = Release|Any CPU
	EndGlobalSection
	GlobalSection(SolutionProperties) = preSolution
		HideSolutionNode = FALSE
	EndGlobalSection
	GlobalSection(ExtensibilityGlobals) = postSolution
		SolutionGuid = {EAD55F07-F7B5-4A00-B848-BB0833FF169D}
	EndGlobalSection
EndGlobal
